// !$*UTF8*$!
{
	archiveVersion = 1;
	classes = {
	};
	objectVersion = 46;
	objects = {

/* Begin PBXBuildFile section */
		624D59261A03999500BCD5DD /* AppDelegate.swift in Sources */ = {isa = PBXBuildFile; fileRef = 624D59251A03999500BCD5DD /* AppDelegate.swift */; };
		624D59281A03999500BCD5DD /* ViewController.swift in Sources */ = {isa = PBXBuildFile; fileRef = 624D59271A03999500BCD5DD /* ViewController.swift */; };
		624D592B1A03999500BCD5DD /* Main.storyboard in Resources */ = {isa = PBXBuildFile; fileRef = 624D59291A03999500BCD5DD /* Main.storyboard */; };
		624D592D1A03999500BCD5DD /* Images.xcassets in Resources */ = {isa = PBXBuildFile; fileRef = 624D592C1A03999500BCD5DD /* Images.xcassets */; };
		624D59301A03999500BCD5DD /* LaunchScreen.xib in Resources */ = {isa = PBXBuildFile; fileRef = 624D592E1A03999500BCD5DD /* LaunchScreen.xib */; };
		624D593C1A03999500BCD5DD /* PostcardTests.swift in Sources */ = {isa = PBXBuildFile; fileRef = 624D593B1A03999500BCD5DD /* PostcardTests.swift */; };
/* End PBXBuildFile section */

/* Begin PBXContainerItemProxy section */
		624D59361A03999500BCD5DD /* PBXContainerItemProxy */ = {
			isa = PBXContainerItemProxy;
			containerPortal = 624D59181A03999500BCD5DD /* Project object */;
			proxyType = 1;
			remoteGlobalIDString = 624D591F1A03999500BCD5DD;
			remoteInfo = Postcard;
		};
/* End PBXContainerItemProxy section */

/* Begin PBXFileReference section */
		624D59201A03999500BCD5DD /* Postcard.app */ = {isa = PBXFileReference; explicitFileType = wrapper.application; includeInIndex = 0; path = Postcard.app; sourceTree = BUILT_PRODUCTS_DIR; };
		624D59241A03999500BCD5DD /* Info.plist */ = {isa = PBXFileReference; lastKnownFileType = text.plist.xml; path = Info.plist; sourceTree = "<group>"; };
		624D59251A03999500BCD5DD /* AppDelegate.swift */ = {isa = PBXFileReference; lastKnownFileType = sourcecode.swift; path = AppDelegate.swift; sourceTree = "<group>"; };
		624D59271A03999500BCD5DD /* ViewController.swift */ = {isa = PBXFileReference; lastKnownFileType = sourcecode.swift; path = ViewController.swift; sourceTree = "<group>"; };
		624D592A1A03999500BCD5DD /* Base */ = {isa = PBXFileReference; lastKnownFileType = file.storyboard; name = Base; path = Base.lproj/Main.storyboard; sourceTree = "<group>"; };
		624D592C1A03999500BCD5DD /* Images.xcassets */ = {isa = PBXFileReference; lastKnownFileType = folder.assetcatalog; path = Images.xcassets; sourceTree = "<group>"; };
		624D592F1A03999500BCD5DD /* Base */ = {isa = PBXFileReference; lastKnownFileType = file.xib; name = Base; path = Base.lproj/LaunchScreen.xib; sourceTree = "<group>"; };
		624D59351A03999500BCD5DD /* PostcardTests.xctest */ = {isa = PBXFileReference; explicitFileType = wrapper.cfbundle; includeInIndex = 0; path = PostcardTests.xctest; sourceTree = BUILT_PRODUCTS_DIR; };
		624D593A1A03999500BCD5DD /* Info.plist */ = {isa = PBXFileReference; lastKnownFileType = text.plist.xml; path = Info.plist; sourceTree = "<group>"; };
		624D593B1A03999500BCD5DD /* PostcardTests.swift */ = {isa = PBXFileReference; lastKnownFileType = sourcecode.swift; path = PostcardTests.swift; sourceTree = "<group>"; };
/* End PBXFileReference section */

/* Begin PBXFrameworksBuildPhase section */
		624D591D1A03999500BCD5DD /* Frameworks */ = {
			isa = PBXFrameworksBuildPhase;
			buildActionMask = 2147483647;
			files = (
			);
			runOnlyForDeploymentPostprocessing = 0;
		};
		624D59321A03999500BCD5DD /* Frameworks */ = {
			isa = PBXFrameworksBuildPhase;
			buildActionMask = 2147483647;
			files = (
			);
			runOnlyForDeploymentPostprocessing = 0;
		};
/* End PBXFrameworksBuildPhase section */

/* Begin PBXGroup section */
		624D59171A03999500BCD5DD = {
			isa = PBXGroup;
			children = (
				624D59221A03999500BCD5DD /* Postcard */,
				624D59381A03999500BCD5DD /* PostcardTests */,
				624D59211A03999500BCD5DD /* Products */,
			);
			sourceTree = "<group>";
		};
		624D59211A03999500BCD5DD /* Products */ = {
			isa = PBXGroup;
			children = (
				624D59201A03999500BCD5DD /* Postcard.app */,
				624D59351A03999500BCD5DD /* PostcardTests.xctest */,
			);
			name = Products;
			sourceTree = "<group>";
		};
		624D59221A03999500BCD5DD /* Postcard */ = {
			isa = PBXGroup;
			children = (
				624D59251A03999500BCD5DD /* AppDelegate.swift */,
				624D59271A03999500BCD5DD /* ViewController.swift */,
				624D59291A03999500BCD5DD /* Main.storyboard */,
				624D592C1A03999500BCD5DD /* Images.xcassets */,
				624D592E1A03999500BCD5DD /* LaunchScreen.xib */,
				624D59231A03999500BCD5DD /* Supporting Files */,
			);
			path = Postcard;
			sourceTree = "<group>";
		};
		624D59231A03999500BCD5DD /* Supporting Files */ = {
			isa = PBXGroup;
			children = (
				624D59241A03999500BCD5DD /* Info.plist */,
			);
			name = "Supporting Files";
			sourceTree = "<group>";
		};
		624D59381A03999500BCD5DD /* PostcardTests */ = {
			isa = PBXGroup;
			children = (
				624D593B1A03999500BCD5DD /* PostcardTests.swift */,
				624D59391A03999500BCD5DD /* Supporting Files */,
			);
			path = PostcardTests;
			sourceTree = "<group>";
		};
		624D59391A03999500BCD5DD /* Supporting Files */ = {
			isa = PBXGroup;
			children = (
				624D593A1A03999500BCD5DD /* Info.plist */,
			);
			name = "Supporting Files";
			sourceTree = "<group>";
		};
/* End PBXGroup section */

/* Begin PBXNativeTarget section */
		624D591F1A03999500BCD5DD /* Postcard */ = {
			isa = PBXNativeTarget;
			buildConfigurationList = 624D593F1A03999500BCD5DD /* Build configuration list for PBXNativeTarget "Postcard" */;
			buildPhases = (
				624D591C1A03999500BCD5DD /* Sources */,
				624D591D1A03999500BCD5DD /* Frameworks */,
				624D591E1A03999500BCD5DD /* Resources */,
			);
			buildRules = (
			);
			dependencies = (
			);
			name = Postcard;
			productName = Postcard;
			productReference = 624D59201A03999500BCD5DD /* Postcard.app */;
			productType = "com.apple.product-type.application";
		};
		624D59341A03999500BCD5DD /* PostcardTests */ = {
			isa = PBXNativeTarget;
			buildConfigurationList = 624D59421A03999500BCD5DD /* Build configuration list for PBXNativeTarget "PostcardTests" */;
			buildPhases = (
				624D59311A03999500BCD5DD /* Sources */,
				624D59321A03999500BCD5DD /* Frameworks */,
				624D59331A03999500BCD5DD /* Resources */,
			);
			buildRules = (
			);
			dependencies = (
				624D59371A03999500BCD5DD /* PBXTargetDependency */,
			);
			name = PostcardTests;
			productName = PostcardTests;
			productReference = 624D59351A03999500BCD5DD /* PostcardTests.xctest */;
			productType = "com.apple.product-type.bundle.unit-test";
		};
/* End PBXNativeTarget section */

/* Begin PBXProject section */
		624D59181A03999500BCD5DD /* Project object */ = {
			isa = PBXProject;
			attributes = {
				LastUpgradeCheck = 0610;
				ORGANIZATIONNAME = "Martin Brunner";
				TargetAttributes = {
					624D591F1A03999500BCD5DD = {
						CreatedOnToolsVersion = 6.1;
					};
					624D59341A03999500BCD5DD = {
						CreatedOnToolsVersion = 6.1;
						TestTargetID = 624D591F1A03999500BCD5DD;
					};
				};
			};
			buildConfigurationList = 624D591B1A03999500BCD5DD /* Build configuration list for PBXProject "Postcard" */;
			compatibilityVersion = "Xcode 3.2";
			developmentRegion = English;
			hasScannedForEncodings = 0;
			knownRegions = (
				en,
				Base,
			);
			mainGroup = 624D59171A03999500BCD5DD;
			productRefGroup = 624D59211A03999500BCD5DD /* Products */;
			projectDirPath = "";
			projectRoot = "";
			targets = (
				624D591F1A03999500BCD5DD /* Postcard */,
				624D59341A03999500BCD5DD /* PostcardTests */,
			);
		};
/* End PBXProject section */

/* Begin PBXResourcesBuildPhase section */
		624D591E1A03999500BCD5DD /* Resources */ = {
			isa = PBXResourcesBuildPhase;
			buildActionMask = 2147483647;
			files = (
				624D592B1A03999500BCD5DD /* Main.storyboard in Resources */,
				624D59301A03999500BCD5DD /* LaunchScreen.xib in Resources */,
				624D592D1A03999500BCD5DD /* Images.xcassets in Resources */,
			);
			runOnlyForDeploymentPostprocessing = 0;
		};
		624D59331A03999500BCD5DD /* Resources */ = {
			isa = PBXResourcesBuildPhase;
			buildActionMask = 2147483647;
			files = (
			);
			runOnlyForDeploymentPostprocessing = 0;
		};
/* End PBXResourcesBuildPhase section */

/* Begin PBXSourcesBuildPhase section */
		624D591C1A03999500BCD5DD /* Sources */ = {
			isa = PBXSourcesBuildPhase;
			buildActionMask = 2147483647;
			files = (
				624D59281A03999500BCD5DD /* ViewController.swift in Sources */,
				624D59261A03999500BCD5DD /* AppDelegate.swift in Sources */,
			);
			runOnlyForDeploymentPostprocessing = 0;
		};
		624D59311A03999500BCD5DD /* Sources */ = {
			isa = PBXSourcesBuildPhase;
			buildActionMask = 2147483647;
			files = (
				624D593C1A03999500BCD5DD /* PostcardTests.swift in Sources */,
			);
			runOnlyForDeploymentPostprocessing = 0;
		};
/* End PBXSourcesBuildPhase section */

/* Begin PBXTargetDependency section */
		624D59371A03999500BCD5DD /* PBXTargetDependency */ = {
			isa = PBXTargetDependency;
			target = 624D591F1A03999500BCD5DD /* Postcard */;
			targetProxy = 624D59361A03999500BCD5DD /* PBXContainerItemProxy */;
		};
/* End PBXTargetDependency section */

/* Begin PBXVariantGroup section */
		624D59291A03999500BCD5DD /* Main.storyboard */ = {
			isa = PBXVariantGroup;
			children = (
				624D592A1A03999500BCD5DD /* Base */,
			);
			name = Main.storyboard;
			sourceTree = "<group>";
		};
		624D592E1A03999500BCD5DD /* LaunchScreen.xib */ = {
			isa = PBXVariantGroup;
			children = (
				624D592F1A03999500BCD5DD /* Base */,
			);
			name = LaunchScreen.xib;
			sourceTree = "<group>";
		};
/* End PBXVariantGroup section */

/* Begin XCBuildConfiguration section */
		624D593D1A03999500BCD5DD /* Debug */ = {
			isa = XCBuildConfiguration;
			buildSettings = {
				ALWAYS_SEARCH_USER_PATHS = NO;
				CLANG_CXX_LANGUAGE_STANDARD = "gnu++0x";
				CLANG_CXX_LIBRARY = "libc++";
				CLANG_ENABLE_MODULES = YES;
				CLANG_ENABLE_OBJC_ARC = YES;
				CLANG_WARN_BOOL_CONVERSION = YES;
				CLANG_WARN_CONSTANT_CONVERSION = YES;
				CLANG_WARN_DIRECT_OBJC_ISA_USAGE = YES_ERROR;
				CLANG_WARN_EMPTY_BODY = YES;
				CLANG_WARN_ENUM_CONVERSION = YES;
				CLANG_WARN_INT_CONVERSION = YES;
				CLANG_WARN_OBJC_ROOT_CLASS = YES_ERROR;
				CLANG_WARN_UNREACHABLE_CODE = YES;
				CLANG_WARN__DUPLICATE_METHOD_MATCH = YES;
				"CODE_SIGN_IDENTITY[sdk=iphoneos*]" = "iPhone Developer";
				COPY_PHASE_STRIP = NO;
				ENABLE_STRICT_OBJC_MSGSEND = YES;
				GCC_C_LANGUAGE_STANDARD = gnu99;
				GCC_DYNAMIC_NO_PIC = NO;
				GCC_OPTIMIZATION_LEVEL = 0;
				GCC_PREPROCESSOR_DEFINITIONS = (
					"DEBUG=1",
					"$(inherited)",
				);
				GCC_SYMBOLS_PRIVATE_EXTERN = NO;
				GCC_WARN_64_TO_32_BIT_CONVERSION = YES;
				GCC_WARN_ABOUT_RETURN_TYPE = YES_ERROR;
				GCC_WARN_UNDECLARED_SELECTOR = YES;
				GCC_WARN_UNINITIALIZED_AUTOS = YES_AGGRESSIVE;
				GCC_WARN_UNUSED_FUNCTION = YES;
				GCC_WARN_UNUSED_VARIABLE = YES;
				IPHONEOS_DEPLOYMENT_TARGET = 8.1;
				MTL_ENABLE_DEBUG_INFO = YES;
				ONLY_ACTIVE_ARCH = YES;
				SDKROOT = iphoneos;
				SWIFT_OPTIMIZATION_LEVEL = "-Onone";
				TARGETED_DEVICE_FAMILY = "1,2";
			};
			name = Debug;
		};
		624D593E1A03999500BCD5DD /* Release */ = {
			isa = XCBuildConfiguration;
			buildSettings = {
				ALWAYS_SEARCH_USER_PATHS = NO;
				CLANG_CXX_LANGUAGE_STANDARD = "gnu++0x";
				CLANG_CXX_LIBRARY = "libc++";
				CLANG_ENABLE_MODULES = YES;
				CLANG_ENABLE_OBJC_ARC = YES;
				CLANG_WARN_BOOL_CONVERSION = YES;
				CLANG_WARN_CONSTANT_CONVERSION = YES;
				CLANG_WARN_DIRECT_OBJC_ISA_USAGE = YES_ERROR;
				CLANG_WARN_EMPTY_BODY = YES;
				CLANG_WARN_ENUM_CONVERSION = YES;
				CLANG_WARN_INT_CONVERSION = YES;
				CLANG_WARN_OBJC_ROOT_CLASS = YES_ERROR;
				CLANG_WARN_UNREACHABLE_CODE = YES;
				CLANG_WARN__DUPLICATE_METHOD_MATCH = YES;
				"CODE_SIGN_IDENTITY[sdk=iphoneos*]" = "iPhone Developer";
				COPY_PHASE_STRIP = YES;
				ENABLE_NS_ASSERTIONS = NO;
				ENABLE_STRICT_OBJC_MSGSEND = YES;
				GCC_C_LANGUAGE_STANDARD = gnu99;
				GCC_WARN_64_TO_32_BIT_CONVERSION = YES;
				GCC_WARN_ABOUT_RETURN_TYPE = YES_ERROR;
				GCC_WARN_UNDECLARED_SELECTOR = YES;
				GCC_WARN_UNINITIALIZED_AUTOS = YES_AGGRESSIVE;
				GCC_WARN_UNUSED_FUNCTION = YES;
				GCC_WARN_UNUSED_VARIABLE = YES;
				IPHONEOS_DEPLOYMENT_TARGET = 8.1;
				MTL_ENABLE_DEBUG_INFO = NO;
				SDKROOT = iphoneos;
				TARGETED_DEVICE_FAMILY = "1,2";
				VALIDATE_PRODUCT = YES;
			};
			name = Release;
		};
		624D59401A03999500BCD5DD /* Debug */ = {
			isa = XCBuildConfiguration;
			buildSettings = {
				ASSETCATALOG_COMPILER_APPICON_NAME = AppIcon;
				INFOPLIST_FILE = Postcard/Info.plist;
				LD_RUNPATH_SEARCH_PATHS = "$(inherited) @executable_path/Frameworks";
				PRODUCT_NAME = "$(TARGET_NAME)";
			};
			name = Debug;
		};
		624D59411A03999500BCD5DD /* Release */ = {
			isa = XCBuildConfiguration;
			buildSettings = {
				ASSETCATALOG_COMPILER_APPICON_NAME = AppIcon;
				INFOPLIST_FILE = Postcard/Info.plist;
				LD_RUNPATH_SEARCH_PATHS = "$(inherited) @executable_path/Frameworks";
				PRODUCT_NAME = "$(TARGET_NAME)";
			};
			name = Release;
		};
		624D59431A03999500BCD5DD /* Debug */ = {
			isa = XCBuildConfiguration;
			buildSettings = {
				BUNDLE_LOADER = "$(TEST_HOST)";
				FRAMEWORK_SEARCH_PATHS = (
					"$(SDKROOT)/Developer/Library/Frameworks",
					"$(inherited)",
				);
				GCC_PREPROCESSOR_DEFINITIONS = (
					"DEBUG=1",
					"$(inherited)",
				);
				INFOPLIST_FILE = PostcardTests/Info.plist;
				LD_RUNPATH_SEARCH_PATHS = "$(inherited) @executable_path/Frameworks @loader_path/Frameworks";
				PRODUCT_NAME = "$(TARGET_NAME)";
				TEST_HOST = "$(BUILT_PRODUCTS_DIR)/Postcard.app/Postcard";
			};
			name = Debug;
		};
		624D59441A03999500BCD5DD /* Release */ = {
			isa = XCBuildConfiguration;
			buildSettings = {
				BUNDLE_LOADER = "$(TEST_HOST)";
				FRAMEWORK_SEARCH_PATHS = (
					"$(SDKROOT)/Developer/Library/Frameworks",
					"$(inherited)",
				);
				INFOPLIST_FILE = PostcardTests/Info.plist;
				LD_RUNPATH_SEARCH_PATHS = "$(inherited) @executable_path/Frameworks @loader_path/Frameworks";
				PRODUCT_NAME = "$(TARGET_NAME)";
				TEST_HOST = "$(BUILT_PRODUCTS_DIR)/Postcard.app/Postcard";
			};
			name = Release;
		};
/* End XCBuildConfiguration section */

/* Begin XCConfigurationList section */
		624D591B1A03999500BCD5DD /* Build configuration list for PBXProject "Postcard" */ = {
			isa = XCConfigurationList;
			buildConfigurations = (
				624D593D1A03999500BCD5DD /* Debug */,
				624D593E1A03999500BCD5DD /* Release */,
			);
			defaultConfigurationIsVisible = 0;
			defaultConfigurationName = Release;
		};
		624D593F1A03999500BCD5DD /* Build configuration list for PBXNativeTarget "Postcard" */ = {
			isa = XCConfigurationList;
			buildConfigurations = (
				624D59401A03999500BCD5DD /* Debug */,
				624D59411A03999500BCD5DD /* Release */,
			);
			defaultConfigurationIsVisible = 0;
		};
		624D59421A03999500BCD5DD /* Build configuration list for PBXNativeTarget "PostcardTests" */ = {
			isa = XCConfigurationList;
			buildConfigurations = (
				624D59431A03999500BCD5DD /* Debug */,
				624D59441A03999500BCD5DD /* Release */,
			);
			defaultConfigurationIsVisible = 0;
		};
/* End XCConfigurationList section */
	};
	rootObject = 624D59181A03999500BCD5DD /* Project object */;
}
